{
    "default": {
        "pandocfilters": "==1.4.1",
        "ipykernel": "==4.5.2",
        "functools32": "==3.2.3.post2",
        "ipython-genutils": "==0.1.0",
        "packaging": "==16.8",
        "singledispatch": "==3.4.0.3",
        "pyglet": "==1.2.4",
        "nodebox-opengl": "==1.6.1",
        "jupyter-console": "==5.1.0",
        "prompt-toolkit": "==1.0.13",
        "pyparsing": "==2.1.10",
        "html5lib": "==0.9999999",
        "appdirs": "==1.4.0",
        "configparser": "==3.5.0",
        "pexpect": "==4.2.1",
        "backports-abc": "==0.5",
        "six": "==1.10.0",
        "ptyprocess": "==0.5.1",
        "ipywidgets": "==5.2.2",
        "widgetsnbextension": "==1.2.6",
        "traitlets": "==4.3.1",
        "Jinja2": "==2.9.5",
        "MarkupSafe": "==0.23",
        "qtconsole": "==4.2.1",
        "nbconvert": "==5.1.1",
        "olefile": "==0.44",
        "pyzmq": "==16.0.2",
        "appnope": "==0.1.0",
        "pathlib2": "==2.2.1",
        "backports.shutil-get-terminal-size": "==1.0.0",
        "tornado": "==4.4.2",
        "testpath": "==0.3",
        "entrypoints": "==0.2.2",
        "notebook": "==4.3.2",
        "jupyter-core": "==4.2.1",
        "bleach": "==1.5.0",
        "ipython": "==5.2.2",
        "pickleshare": "==0.7.4",
        "Pillow": "==4.0.0",
        "decorator": "==4.0.11",
        "mistune": "==0.7.3",
        "nbformat": "==4.2.0",
        "certifi": "==2017.1.23",
        "jupyter": "==1.0.0",
        "jupyter-client": "==4.4.0",
        "enum34": "==1.1.6",
        "wcwidth": "==0.1.7",
        "Pygments": "==2.2.0",
        "terminado": "==0.6",
        "requests": "==2.13.0",
        "scandir": "==1.4",
        "simplegeneric": "==0.8.1",
        "pillow": "*",
        "jsonschema": "==2.5.1"
    },
    "develop": {},
    "_meta": {
        "sources": [
            {
                "url": "https://pypi.python.org/simple",
                "verify_ssl": true
            }
        ],
        "requires": {},
        "Pipfile-sha256": "00aee158883239f8b5a5a018323d1bb9e943fe0259bb7fc43f62c1892b33737b"
    }
}